{
  "name": "c-",
  "lockfileVersion": 2,
  "requires": true,
  "packages": {
    "": {
      "dependencies": {
        "gdb": "^0.1.0-pre"
      }
    },
    "node_modules/gdb": {
      "version": "0.1.0-pre",
      "resolved": "https://registry.npmjs.org/gdb/-/gdb-0.1.0-pre.tgz",
      "integrity": "sha512-K336zUvoQ904aX2fn8LidUym7WvQi1y+ARmqEtCFDEAV8bJI4ZBrSiTwLI51oZi72ycOwcqgXH338yC9w1FkLA==",
      "bin": {
        "ngdb": "bin/ngdb"
      }
    }
  },
  "dependencies": {
    "gdb": {
      "version": "0.1.0-pre",
      "resolved": "https://registry.npmjs.org/gdb/-/gdb-0.1.0-pre.tgz",
      "integrity": "sha512-K336zUvoQ904aX2fn8LidUym7WvQi1y+ARmqEtCFDEAV8bJI4ZBrSiTwLI51oZi72ycOwcqgXH338yC9w1FkLA=="
    }
  }
}
